// !$*UTF8*$!
{
	archiveVersion = 1;
	classes = {
	};
	objectVersion = 46;
	objects = {

/* Begin PBXBuildFile section */
		B4FDC4BF1CC0C1FB00D6B52C /* ScratchCard.h in Headers */ = {isa = PBXBuildFile; fileRef = B4FDC4BE1CC0C1FB00D6B52C /* ScratchCard.h */; settings = {ATTRIBUTES = (Public, ); }; };
		B4FDC4C71CC0C28700D6B52C /* ScratchView.swift in Sources */ = {isa = PBXBuildFile; fileRef = B4FDC4C61CC0C28700D6B52C /* ScratchView.swift */; };
		B4FDC4C91CC0C2EE00D6B52C /* ScratchUIView.swift in Sources */ = {isa = PBXBuildFile; fileRef = B4FDC4C81CC0C2EE00D6B52C /* ScratchUIView.swift */; };
/* End PBXBuildFile section */

/* Begin PBXContainerItemProxy section */
		B4389DD11DFFF7B200B3DDE4 /* PBXContainerItemProxy */ = {
			isa = PBXContainerItemProxy;
			containerPortal = B4389DCC1DFFF7B100B3DDE4 /* Example.xcodeproj */;
			proxyType = 2;
			remoteGlobalIDString = B4389DA91DFFF7B100B3DDE4;
			remoteInfo = Example;
		};
		B4389DD31DFFF7B200B3DDE4 /* PBXContainerItemProxy */ = {
			isa = PBXContainerItemProxy;
			containerPortal = B4389DCC1DFFF7B100B3DDE4 /* Example.xcodeproj */;
			proxyType = 2;
			remoteGlobalIDString = B4389DBD1DFFF7B100B3DDE4;
			remoteInfo = ExampleTests;
		};
/* End PBXContainerItemProxy section */

/* Begin PBXFileReference section */
		B4389DCC1DFFF7B100B3DDE4 /* Example.xcodeproj */ = {isa = PBXFileReference; lastKnownFileType = "wrapper.pb-project"; name = Example.xcodeproj; path = Example/Example.xcodeproj; sourceTree = "<group>"; };
		B4FDC4BB1CC0C1FB00D6B52C /* ScratchCard.framework */ = {isa = PBXFileReference; explicitFileType = wrapper.framework; includeInIndex = 0; path = ScratchCard.framework; sourceTree = BUILT_PRODUCTS_DIR; };
		B4FDC4BE1CC0C1FB00D6B52C /* ScratchCard.h */ = {isa = PBXFileReference; lastKnownFileType = sourcecode.c.h; path = ScratchCard.h; sourceTree = "<group>"; };
		B4FDC4C01CC0C1FB00D6B52C /* Info.plist */ = {isa = PBXFileReference; lastKnownFileType = text.plist.xml; path = Info.plist; sourceTree = "<group>"; };
		B4FDC4C61CC0C28700D6B52C /* ScratchView.swift */ = {isa = PBXFileReference; fileEncoding = 4; lastKnownFileType = sourcecode.swift; path = ScratchView.swift; sourceTree = "<group>"; };
		B4FDC4C81CC0C2EE00D6B52C /* ScratchUIView.swift */ = {isa = PBXFileReference; fileEncoding = 4; lastKnownFileType = sourcecode.swift; path = ScratchUIView.swift; sourceTree = "<group>"; };
/* End PBXFileReference section */

/* Begin PBXFrameworksBuildPhase section */
		B4FDC4B71CC0C1FB00D6B52C /* Frameworks */ = {
			isa = PBXFrameworksBuildPhase;
			buildActionMask = 2147483647;
			files = (
			);
			runOnlyForDeploymentPostprocessing = 0;
		};
/* End PBXFrameworksBuildPhase section */

/* Begin PBXGroup section */
		B4389DCD1DFFF7B100B3DDE4 /* Products */ = {
			isa = PBXGroup;
			children = (
				B4389DD21DFFF7B200B3DDE4 /* Example.app */,
				B4389DD41DFFF7B200B3DDE4 /* ExampleTests.xctest */,
			);
			name = Products;
			sourceTree = "<group>";
		};
		B4FDC4B11CC0C1FB00D6B52C = {
			isa = PBXGroup;
			children = (
				B4389DCC1DFFF7B100B3DDE4 /* Example.xcodeproj */,
				B4FDC4BD1CC0C1FB00D6B52C /* ScratchCard */,
				B4FDC4BC1CC0C1FB00D6B52C /* Products */,
			);
			sourceTree = "<group>";
		};
		B4FDC4BC1CC0C1FB00D6B52C /* Products */ = {
			isa = PBXGroup;
			children = (
				B4FDC4BB1CC0C1FB00D6B52C /* ScratchCard.framework */,
			);
			name = Products;
			sourceTree = "<group>";
		};
		B4FDC4BD1CC0C1FB00D6B52C /* ScratchCard */ = {
			isa = PBXGroup;
			children = (
				B4FDC4BE1CC0C1FB00D6B52C /* ScratchCard.h */,
				B4FDC4C01CC0C1FB00D6B52C /* Info.plist */,
				B4FDC4C61CC0C28700D6B52C /* ScratchView.swift */,
				B4FDC4C81CC0C2EE00D6B52C /* ScratchUIView.swift */,
			);
			path = ScratchCard;
			sourceTree = "<group>";
		};
/* End PBXGroup section */

/* Begin PBXHeadersBuildPhase section */
		B4FDC4B81CC0C1FB00D6B52C /* Headers */ = {
			isa = PBXHeadersBuildPhase;
			buildActionMask = 2147483647;
			files = (
				B4FDC4BF1CC0C1FB00D6B52C /* ScratchCard.h in Headers */,
			);
			runOnlyForDeploymentPostprocessing = 0;
		};
/* End PBXHeadersBuildPhase section */

/* Begin PBXNativeTarget section */
		B4FDC4BA1CC0C1FB00D6B52C /* ScratchCard */ = {
			isa = PBXNativeTarget;
			buildConfigurationList = B4FDC4C31CC0C1FB00D6B52C /* Build configuration list for PBXNativeTarget "ScratchCard" */;
			buildPhases = (
				B4FDC4B61CC0C1FB00D6B52C /* Sources */,
				B4FDC4B71CC0C1FB00D6B52C /* Frameworks */,
				B4FDC4B81CC0C1FB00D6B52C /* Headers */,
				B4FDC4B91CC0C1FB00D6B52C /* Resources */,
			);
			buildRules = (
			);
			dependencies = (
			);
			name = ScratchCard;
			productName = ScratchCard;
			productReference = B4FDC4BB1CC0C1FB00D6B52C /* ScratchCard.framework */;
			productType = "com.apple.product-type.framework";
		};
/* End PBXNativeTarget section */

/* Begin PBXProject section */
		B4FDC4B21CC0C1FB00D6B52C /* Project object */ = {
			isa = PBXProject;
			attributes = {
				LastUpgradeCheck = 0810;
				ORGANIZATIONNAME = JoeJoe;
				TargetAttributes = {
					B4FDC4BA1CC0C1FB00D6B52C = {
						CreatedOnToolsVersion = 7.2;
						DevelopmentTeam = ES9333BX3M;
						LastSwiftMigration = 0810;
					};
				};
			};
			buildConfigurationList = B4FDC4B51CC0C1FB00D6B52C /* Build configuration list for PBXProject "ScratchCard" */;
			compatibilityVersion = "Xcode 3.2";
			developmentRegion = English;
			hasScannedForEncodings = 0;
			knownRegions = (
				en,
			);
			mainGroup = B4FDC4B11CC0C1FB00D6B52C;
			productRefGroup = B4FDC4BC1CC0C1FB00D6B52C /* Products */;
			projectDirPath = "";
			projectReferences = (
				{
					ProductGroup = B4389DCD1DFFF7B100B3DDE4 /* Products */;
					ProjectRef = B4389DCC1DFFF7B100B3DDE4 /* Example.xcodeproj */;
				},
			);
			projectRoot = "";
			targets = (
				B4FDC4BA1CC0C1FB00D6B52C /* ScratchCard */,
			);
		};
/* End PBXProject section */

/* Begin PBXReferenceProxy section */
		B4389DD21DFFF7B200B3DDE4 /* Example.app */ = {
			isa = PBXReferenceProxy;
			fileType = wrapper.application;
			path = Example.app;
			remoteRef = B4389DD11DFFF7B200B3DDE4 /* PBXContainerItemProxy */;
			sourceTree = BUILT_PRODUCTS_DIR;
		};
		B4389DD41DFFF7B200B3DDE4 /* ExampleTests.xctest */ = {
			isa = PBXReferenceProxy;
			fileType = wrapper.cfbundle;
			path = ExampleTests.xctest;
			remoteRef = B4389DD31DFFF7B200B3DDE4 /* PBXContainerItemProxy */;
			sourceTree = BUILT_PRODUCTS_DIR;
		};
/* End PBXReferenceProxy section */

/* Begin PBXResourcesBuildPhase section */
		B4FDC4B91CC0C1FB00D6B52C /* Resources */ = {
			isa = PBXResourcesBuildPhase;
			buildActionMask = 2147483647;
			files = (
			);
			runOnlyForDeploymentPostprocessing = 0;
		};
/* End PBXResourcesBuildPhase section */

/* Begin PBXSourcesBuildPhase section */
		B4FDC4B61CC0C1FB00D6B52C /* Sources */ = {
			isa = PBXSourcesBuildPhase;
			buildActionMask = 2147483647;
			files = (
				B4FDC4C71CC0C28700D6B52C /* ScratchView.swift in Sources */,
				B4FDC4C91CC0C2EE00D6B52C /* ScratchUIView.swift in Sources */,
			);
			runOnlyForDeploymentPostprocessing = 0;
		};
/* End PBXSourcesBuildPhase section */

/* Begin XCBuildConfiguration section */
		B4FDC4C11CC0C1FB00D6B52C /* Debug */ = {
			isa = XCBuildConfiguration;
			buildSettings = {
				ALWAYS_SEARCH_USER_PATHS = NO;
				CLANG_CXX_LANGUAGE_STANDARD = "gnu++0x";
				CLANG_CXX_LIBRARY = "libc++";
				CLANG_ENABLE_MODULES = YES;
				CLANG_ENABLE_OBJC_ARC = YES;
				CLANG_WARN_BOOL_CONVERSION = YES;
				CLANG_WARN_CONSTANT_CONVERSION = YES;
				CLANG_WARN_DIRECT_OBJC_ISA_USAGE = YES_ERROR;
				CLANG_WARN_EMPTY_BODY = YES;
				CLANG_WARN_ENUM_CONVERSION = YES;
				CLANG_WARN_INFINITE_RECURSION = YES;
				CLANG_WARN_INT_CONVERSION = YES;
				CLANG_WARN_OBJC_ROOT_CLASS = YES_ERROR;
				CLANG_WARN_SUSPICIOUS_MOVE = YES;
				CLANG_WARN_UNREACHABLE_CODE = YES;
				CLANG_WARN__DUPLICATE_METHOD_MATCH = YES;
				"CODE_SIGN_IDENTITY[sdk=iphoneos*]" = "iPhone Developer";
				COPY_PHASE_STRIP = NO;
				CURRENT_PROJECT_VERSION = 1;
				DEBUG_INFORMATION_FORMAT = dwarf;
				ENABLE_STRICT_OBJC_MSGSEND = YES;
				ENABLE_TESTABILITY = YES;
				GCC_C_LANGUAGE_STANDARD = gnu99;
				GCC_DYNAMIC_NO_PIC = NO;
				GCC_NO_COMMON_BLOCKS = YES;
				GCC_OPTIMIZATION_LEVEL = 0;
				GCC_PREPROCESSOR_DEFINITIONS = (
					"DEBUG=1",
					"$(inherited)",
				);
				GCC_WARN_64_TO_32_BIT_CONVERSION = YES;
				GCC_WARN_ABOUT_RETURN_TYPE = YES_ERROR;
				GCC_WARN_UNDECLARED_SELECTOR = YES;
				GCC_WARN_UNINITIALIZED_AUTOS = YES_AGGRESSIVE;
				GCC_WARN_UNUSED_FUNCTION = YES;
				GCC_WARN_UNUSED_VARIABLE = YES;
				IPHONEOS_DEPLOYMENT_TARGET = 9.2;
				MTL_ENABLE_DEBUG_INFO = YES;
				ONLY_ACTIVE_ARCH = YES;
				SDKROOT = iphoneos;
				SWIFT_OPTIMIZATION_LEVEL = "-Onone";
				SWIFT_VERSION = "";
				TARGETED_DEVICE_FAMILY = "1,2";
				VERSIONING_SYSTEM = "apple-generic";
				VERSION_INFO_PREFIX = "";
			};
			name = Debug;
		};
		B4FDC4C21CC0C1FB00D6B52C /* Release */ = {
			isa = XCBuildConfiguration;
			buildSettings = {
				ALWAYS_SEARCH_USER_PATHS = NO;
				CLANG_CXX_LANGUAGE_STANDARD = "gnu++0x";
				CLANG_CXX_LIBRARY = "libc++";
				CLANG_ENABLE_MODULES = YES;
				CLANG_ENABLE_OBJC_ARC = YES;
				CLANG_WARN_BOOL_CONVERSION = YES;
				CLANG_WARN_CONSTANT_CONVERSION = YES;
				CLANG_WARN_DIRECT_OBJC_ISA_USAGE = YES_ERROR;
				CLANG_WARN_EMPTY_BODY = YES;
				CLANG_WARN_ENUM_CONVERSION = YES;
				CLANG_WARN_INFINITE_RECURSION = YES;
				CLANG_WARN_INT_CONVERSION = YES;
				CLANG_WARN_OBJC_ROOT_CLASS = YES_ERROR;
				CLANG_WARN_SUSPICIOUS_MOVE = YES;
				CLANG_WARN_UNREACHABLE_CODE = YES;
				CLANG_WARN__DUPLICATE_METHOD_MATCH = YES;
				"CODE_SIGN_IDENTITY[sdk=iphoneos*]" = "iPhone Developer";
				COPY_PHASE_STRIP = NO;
				CURRENT_PROJECT_VERSION = 1;
				DEBUG_INFORMATION_FORMAT = "dwarf-with-dsym";
				ENABLE_NS_ASSERTIONS = NO;
				ENABLE_STRICT_OBJC_MSGSEND = YES;
				GCC_C_LANGUAGE_STANDARD = gnu99;
				GCC_NO_COMMON_BLOCKS = YES;
				GCC_WARN_64_TO_32_BIT_CONVERSION = YES;
				GCC_WARN_ABOUT_RETURN_TYPE = YES_ERROR;
				GCC_WARN_UNDECLARED_SELECTOR = YES;
				GCC_WARN_UNINITIALIZED_AUTOS = YES_AGGRESSIVE;
				GCC_WARN_UNUSED_FUNCTION = YES;
				GCC_WARN_UNUSED_VARIABLE = YES;
				IPHONEOS_DEPLOYMENT_TARGET = 9.2;
				MTL_ENABLE_DEBUG_INFO = NO;
				SDKROOT = iphoneos;
				SWIFT_OPTIMIZATION_LEVEL = "-Owholemodule";
				SWIFT_VERSION = "";
				TARGETED_DEVICE_FAMILY = "1,2";
				VALIDATE_PRODUCT = YES;
				VERSIONING_SYSTEM = "apple-generic";
				VERSION_INFO_PREFIX = "";
			};
			name = Release;
		};
		B4FDC4C41CC0C1FB00D6B52C /* Debug */ = {
			isa = XCBuildConfiguration;
			buildSettings = {
				CLANG_ENABLE_MODULES = YES;
				CODE_SIGN_IDENTITY = "iPhone Developer";
				"CODE_SIGN_IDENTITY[sdk=iphoneos*]" = "";
				DEFINES_MODULE = YES;
				DYLIB_COMPATIBILITY_VERSION = 1;
				DYLIB_CURRENT_VERSION = 1;
				DYLIB_INSTALL_NAME_BASE = "@rpath";
				INFOPLIST_FILE = ScratchCard/Info.plist;
				INSTALL_PATH = "$(LOCAL_LIBRARY_DIR)/Frameworks";
				IPHONEOS_DEPLOYMENT_TARGET = 8.0;
				LD_RUNPATH_SEARCH_PATHS = "$(inherited) @executable_path/Frameworks @loader_path/Frameworks";
				PRODUCT_BUNDLE_IDENTIFIER = joe.ScratchCard;
				PRODUCT_NAME = "$(TARGET_NAME)";
				SKIP_INSTALL = YES;
				SWIFT_OPTIMIZATION_LEVEL = "-Onone";
				SWIFT_VERSION = 3.0;
			};
			name = Debug;
		};
		B4FDC4C51CC0C1FB00D6B52C /* Release */ = {
			isa = XCBuildConfiguration;
			buildSettings = {
				CLANG_ENABLE_MODULES = YES;
				CODE_SIGN_IDENTITY = "iPhone Developer";
				"CODE_SIGN_IDENTITY[sdk=iphoneos*]" = "";
				DEFINES_MODULE = YES;
				DYLIB_COMPATIBILITY_VERSION = 1;
				DYLIB_CURRENT_VERSION = 1;
				DYLIB_INSTALL_NAME_BASE = "@rpath";
				INFOPLIST_FILE = ScratchCard/Info.plist;
				INSTALL_PATH = "$(LOCAL_LIBRARY_DIR)/Frameworks";
				IPHONEOS_DEPLOYMENT_TARGET = 8.0;
				LD_RUNPATH_SEARCH_PATHS = "$(inherited) @executable_path/Frameworks @loader_path/Frameworks";
				PRODUCT_BUNDLE_IDENTIFIER = joe.ScratchCard;
				PRODUCT_NAME = "$(TARGET_NAME)";
				SKIP_INSTALL = YES;
				SWIFT_VERSION = 3.0;
			};
			name = Release;
		};
/* End XCBuildConfiguration section */

/* Begin XCConfigurationList section */
		B4FDC4B51CC0C1FB00D6B52C /* Build configuration list for PBXProject "ScratchCard" */ = {
			isa = XCConfigurationList;
			buildConfigurations = (
				B4FDC4C11CC0C1FB00D6B52C /* Debug */,
				B4FDC4C21CC0C1FB00D6B52C /* Release */,
			);
			defaultConfigurationIsVisible = 0;
			defaultConfigurationName = Release;
		};
		B4FDC4C31CC0C1FB00D6B52C /* Build configuration list for PBXNativeTarget "ScratchCard" */ = {
			isa = XCConfigurationList;
			buildConfigurations = (
				B4FDC4C41CC0C1FB00D6B52C /* Debug */,
				B4FDC4C51CC0C1FB00D6B52C /* Release */,
			);
			defaultConfigurationIsVisible = 0;
			defaultConfigurationName = Release;
		};
/* End XCConfigurationList section */
	};
	rootObject = B4FDC4B21CC0C1FB00D6B52C /* Project object */;
}
